
Microsoft Visual Studio Solution File, Format Version 12.00
# Visual Studio Version 16
VisualStudioVersion = 16.0.28729.10
MinimumVisualStudioVersion = 10.0.40219.1
Project("{FAE04EC0-301F-11D3-BF4B-00C04F79EFBC}") = "Metanit", "Metanit\Metanit.csproj", "{03D220BF-90C7-4163-A246-F349141042FF}"
EndProject
Project("{FAE04EC0-301F-11D3-BF4B-00C04F79EFBC}") = "004 Arifmetic", "004 Arifmetic\004 Arifmetic.csproj", "{ABE789D8-519B-451D-9ADE-583DC470A490}"
EndProject
Project("{FAE04EC0-301F-11D3-BF4B-00C04F79EFBC}") = "005 PobitovieOperacii", "005 PobitovieOperacii\005 PobitovieOperacii.csproj", "{92B87A1F-E7C6-44A7-955D-795A506CE436}"
EndProject
Project("{FAE04EC0-301F-11D3-BF4B-00C04F79EFBC}") = "006 Preobrazovanie_tipov", "006 Preobrazovanie_tipov\006 Preobrazovanie_tipov.csproj", "{56AF945D-557C-4593-A57A-DFE584963F9D}"
EndProject
Project("{FAE04EC0-301F-11D3-BF4B-00C04F79EFBC}") = "MassiveSort", "MassiveSort\MassiveSort.csproj", "{07608765-22ED-42D7-BF4F-75CAAD0136B8}"
EndProject
Project("{FAE04EC0-301F-11D3-BF4B-00C04F79EFBC}") = "007 Uslownie_Virajeniya", "007 Uslownie_Virajeniya\007 Uslownie_Virajeniya.csproj", "{2703C427-BAF5-4331-8969-DAF08CC16126}"
EndProject
Project("{FAE04EC0-301F-11D3-BF4B-00C04F79EFBC}") = "008 Uslownie_Konstrukcii", "008 Uslownie_Konstrukcii\008 Uslownie_Konstrukcii.csproj", "{5C2D7BDA-9AF0-422F-990B-D79652F3CC17}"
EndProject
Project("{FAE04EC0-301F-11D3-BF4B-00C04F79EFBC}") = "009 Cikli", "009 Cikli\009 Cikli.csproj", "{7DAFA04A-259F-4B71-9749-9155579C71C1}"
EndProject
Project("{FAE04EC0-301F-11D3-BF4B-00C04F79EFBC}") = "010 Massivi", "010 Massivi\010 Massivi.csproj", "{3B2F6762-2C2A-44F1-842C-0BA5ADBC9DCF}"
EndProject
Project("{FAE04EC0-301F-11D3-BF4B-00C04F79EFBC}") = "011 Methods", "011 Methods\011 Methods.csproj", "{F90412B4-5949-40BC-B692-09C2FDA45214}"
EndProject
Project("{FAE04EC0-301F-11D3-BF4B-00C04F79EFBC}") = "012 Parametri Metodov", "012 Parametri Metodov\012 Parametri Metodov.csproj", "{3C44AA02-1782-40DA-9EFB-714B7A31787A}"
EndProject
Project("{FAE04EC0-301F-11D3-BF4B-00C04F79EFBC}") = "013 Pevecha Parametrov REF OUT", "013 Pevecha Parametrov REF OUT\013 Pevecha Parametrov REF OUT.csproj", "{A4F0C5CC-2B41-4104-B4CE-C72B123661FC}"
EndProject
Project("{FAE04EC0-301F-11D3-BF4B-00C04F79EFBC}") = "014 Method PARAMS", "014 Method PARAMS\014 Method PARAMS.csproj", "{DADB5FF3-3611-47CB-8E34-A4C2AF00C930}"
EndProject
Project("{FAE04EC0-301F-11D3-BF4B-00C04F79EFBC}") = "015 Oblast_vidiomosti_peremenih", "015 Oblast_vidiomosti_peremenih\015 Oblast_vidiomosti_peremenih.csproj", "{8978A32D-62AC-4E96-A197-B9A7360C35BB}"
EndProject
Project("{FAE04EC0-301F-11D3-BF4B-00C04F79EFBC}") = "016 Recursion", "016 Recursion\016 Recursion.csproj", "{7A910C3D-2419-483A-A17A-F796C3AE368E}"
EndProject
Project("{FAE04EC0-301F-11D3-BF4B-00C04F79EFBC}") = "017 Perechisleniya Enum", "017 Perechisleniya Enum\017 Perechisleniya Enum.csproj", "{DD7C1FD8-B54C-4F17-8E8B-0AEBFD50F72F}"
EndProject
Project("{FAE04EC0-301F-11D3-BF4B-00C04F79EFBC}") = "018 Korteji Tuple", "018 Korteji Tuple\018 Korteji Tuple.csproj", "{0C75E91D-E0C9-45FC-BD17-EBBEE3F992B2}"
EndProject
Project("{2150E333-8FDC-42A3-9474-1A3956D46DE8}") = "Chapter1", "Chapter1", "{15A446EB-218A-4CB6-8B10-76BCB7D88536}"
EndProject
Project("{2150E333-8FDC-42A3-9474-1A3956D46DE8}") = "Chapter2", "Chapter2", "{AD851C9F-E268-4032-BD96-4DA74F34782E}"
EndProject
Project("{FAE04EC0-301F-11D3-BF4B-00C04F79EFBC}") = "001 Classes", "001 Classes\001 Classes.csproj", "{ED93CA3C-45E6-4F30-9283-0FEA11F364F9}"
EndProject
Project("{FAE04EC0-301F-11D3-BF4B-00C04F79EFBC}") = "002 Struct", "002 Struct\002 Struct.csproj", "{CA118FFC-AF8E-4220-BF8E-1F2E3C105898}"
EndProject
Project("{FAE04EC0-301F-11D3-BF4B-00C04F79EFBC}") = "003 Value and Reference types", "003 Value and Reference types\003 Value and Reference types.csproj", "{C09F5753-ED39-422A-B171-8403FBCF1ED9}"
EndProject
Project("{FAE04EC0-301F-11D3-BF4B-00C04F79EFBC}") = "004 Prostranstvo imen Staticheskiy import", "004 Prostranstvo imen Staticheskiy import\004 Prostranstvo imen Staticheskiy import.csproj", "{D67CCB4F-5C46-45B1-8314-F8F419D7C9BB}"
EndProject
Project("{FAE04EC0-301F-11D3-BF4B-00C04F79EFBC}") = "005 Creating a class library", "005 Creating a class library\005 Creating a class library.csproj", "{B84DF35E-C51F-4140-92C6-B918ABEC94AE}"
EndProject
Project("{FAE04EC0-301F-11D3-BF4B-00C04F79EFBC}") = "007 Access modifiers", "007 Access modifiers\007 Access modifiers.csproj", "{D31AC502-B846-429A-8916-47E17A43D535}"
EndProject
Project("{FAE04EC0-301F-11D3-BF4B-00C04F79EFBC}") = "008 Property", "008 Property\008 Property.csproj", "{AEAA929C-E285-450F-9803-55D4569BE60A}"
EndProject
Project("{FAE04EC0-301F-11D3-BF4B-00C04F79EFBC}") = "009 Method overloading", "009 Method overloading\009 Method overloading.csproj", "{DB6170FD-0317-4E8A-8C1E-66D3DCB691B3}"
EndProject
Project("{FAE04EC0-301F-11D3-BF4B-00C04F79EFBC}") = "010 Static members and static modifier", "010 Static members and static modifier\010 Static members and static modifier.csproj", "{A48B5675-96D4-46BD-AFA9-4A793D6A2710}"
EndProject
Project("{9A19103F-16F7-4668-BE54-9A1E7A4F7556}") = "011 Read fields constants and structures", "011 Read fields constants and structures\011 Read fields constants and structures.csproj", "{0A32B14F-F656-4116-B3DB-C66F7E579F9D}"
EndProject
Project("{9A19103F-16F7-4668-BE54-9A1E7A4F7556}") = "012 NULL", "012 NULL\012 NULL.csproj", "{1904CCAB-ECD5-46C7-B988-69BE1B87CADA}"
EndProject
Project("{9A19103F-16F7-4668-BE54-9A1E7A4F7556}") = "013 Indexers", "013 Indexers\013 Indexers.csproj", "{ECBFE6B2-60D6-4C63-915F-6A13FAEA7A46}"
EndProject
Project("{9A19103F-16F7-4668-BE54-9A1E7A4F7556}") = "014 Inheritance NASLEDOVANIE", "014 Inheritance NASLEDOVANIE\014 Inheritance NASLEDOVANIE.csproj", "{9070E526-DF5C-4AAF-A29B-6D949E433FC8}"
EndProject
Project("{9A19103F-16F7-4668-BE54-9A1E7A4F7556}") = "015 Preobrazovanie_tipov", "015 Preobrazovanie_tipov\015 Preobrazovanie_tipov.csproj", "{B849150C-A71A-4188-A76D-E5EB9519BDE4}"
EndProject
Project("{9A19103F-16F7-4668-BE54-9A1E7A4F7556}") = "017 Virtual Methods and Properties", "017 Virtual Methods and Properties\017 Virtual Methods and Properties.csproj", "{11392EE2-42A4-4122-B49A-D05C23CA645D}"
EndProject
Project("{9A19103F-16F7-4668-BE54-9A1E7A4F7556}") = "018 Sokritie", "018 Sokritie\018 Sokritie.csproj", "{E47E9EE7-A5F5-4898-942B-C489C4B5D420}"
EndProject
Project("{9A19103F-16F7-4668-BE54-9A1E7A4F7556}") = "020 Abstract Classes", "020 Abstract Classes\020 Abstract Classes.csproj", "{13E96807-63C4-4EF4-A2BB-584F27A07F10}"
EndProject
Project("{9A19103F-16F7-4668-BE54-9A1E7A4F7556}") = "021 System.Object", "021 System.Object\021 System.Object.csproj", "{559E9FF6-9EA0-4A18-9E3B-4157AF7B685B}"
EndProject
Project("{9A19103F-16F7-4668-BE54-9A1E7A4F7556}") = "022 Generics", "022 Generics\022 Generics.csproj", "{6E96FC4D-F110-4B00-9A32-9A2EA645C6A4}"
EndProject
Project("{9A19103F-16F7-4668-BE54-9A1E7A4F7556}") = "023 Ogranicheniya_generics", "023 Ogranicheniya_generics\023 Ogranicheniya_generics.csproj", "{E5C1DF12-4F9F-428F-B2B1-6C4C124A083E}"
EndProject
Project("{9A19103F-16F7-4668-BE54-9A1E7A4F7556}") = "024 Nasledovanie Generics", "024 Nasledovanie Generics\024 Nasledovanie Generics.csproj", "{317977EB-BD77-49BE-986C-CB74305C87C0}"
EndProject
Project("{9A19103F-16F7-4668-BE54-9A1E7A4F7556}") = "025 Try Catch Finally", "025 Try Catch Finally\025 Try Catch Finally.csproj", "{CBE726BA-7CC9-41BC-A3AF-A0F3ABCD3D80}"
EndProject
Project("{9A19103F-16F7-4668-BE54-9A1E7A4F7556}") = "026 Delegate", "026 Delegate\026 Delegate.csproj", "{23796B16-E0B0-446D-B93A-C80ECECEEC8C}"
EndProject
Project("{9A19103F-16F7-4668-BE54-9A1E7A4F7556}") = "027 Anonimus methods", "027 Anonimus methods\027 Anonimus methods.csproj", "{B3BC8D56-0BF9-4183-BAC8-F11989392AEC}"
EndProject
Project("{9A19103F-16F7-4668-BE54-9A1E7A4F7556}") = "028 Lambdas", "028 Lambdas\028 Lambdas.csproj", "{41075689-1D06-48AB-A0B9-7440B4C2B644}"
EndProject
Project("{9A19103F-16F7-4668-BE54-9A1E7A4F7556}") = "029 Events", "029 Events\029 Events.csproj", "{BF07594A-7006-4A34-9DBB-138E16F7E59A}"
EndProject
Project("{9A19103F-16F7-4668-BE54-9A1E7A4F7556}") = "030 Ko-Kontvariantnost", "030 Ko-Kontvariantnost\030 Ko-Kontvariantnost.csproj", "{A7442792-BD93-43B5-AAB8-95F464C2346C}"
EndProject
Project("{9A19103F-16F7-4668-BE54-9A1E7A4F7556}") = "031 Action-Predicate-Func", "031 Action-Predicate-Func\031 Action-Predicate-Func.csproj", "{5BF30654-F172-4AAC-AD84-560D46627B6A}"
EndProject
Project("{2150E333-8FDC-42A3-9474-1A3956D46DE8}") = "Chapter6", "Chapter6", "{28481643-2C2B-485B-9D2E-4A577C0252FB}"
EndProject
Project("{2150E333-8FDC-42A3-9474-1A3956D46DE8}") = "Chapter5", "Chapter5", "{D113829A-D29E-4113-B35E-349BACEED710}"
EndProject
Project("{9A19103F-16F7-4668-BE54-9A1E7A4F7556}") = "001 interface", "001 interface\001 interface.csproj", "{3AA0EC59-2B25-4B0E-99D3-5EB422ABA10E}"
EndProject
Project("{9A19103F-16F7-4668-BE54-9A1E7A4F7556}") = "002 Application Interfaces", "002 Application Interfaces\002 Application Interfaces.csproj", "{D8E68284-135B-4D95-977A-9BE7D422C5C5}"
EndProject
Project("{9A19103F-16F7-4668-BE54-9A1E7A4F7556}") = "003 Explicit_implementation_of_interfaces", "003 Explicit_implementation_of_interfaces\003 Explicit_implementation_of_interfaces.csproj", "{F56BA501-0299-4339-A153-F7F79FB48BC0}"
EndProject
Project("{9A19103F-16F7-4668-BE54-9A1E7A4F7556}") = "004 Implementing_Interfaces_in_Base_and_Derived_Classes", "004 Implementing_Interfaces_in_Base_and_Derived_Classes\004 Implementing_Interfaces_in_Base_and_Derived_Classes.csproj", "{C912B67B-DD2E-410B-B92A-7F20A231AAE8}"
EndProject
Project("{9A19103F-16F7-4668-BE54-9A1E7A4F7556}") = "005 Interface_Inheritance", "005 Interface_Inheritance\005 Interface_Inheritance.csproj", "{608C11C3-1AB3-4C37-B458-4C49AB37EA83}"
EndProject
Project("{9A19103F-16F7-4668-BE54-9A1E7A4F7556}") = "006 Interfaces in Generic", "006 Interfaces in Generic\006 Interfaces in Generic.csproj", "{E986E78C-ADFD-4FB5-88B0-72B7A66518AF}"
EndProject
Project("{2150E333-8FDC-42A3-9474-1A3956D46DE8}") = "Chapter7", "Chapter7", "{8BEFD69F-60AE-46B5-9E1E-1E4514796289}"
EndProject
Project("{9A19103F-16F7-4668-BE54-9A1E7A4F7556}") = "001 Extension_Methods", "001 Extension_Methods\001 Extension_Methods.csproj", "{E821E42D-39BF-4943-B10C-AC006A95212A}"
EndProject
Project("{9A19103F-16F7-4668-BE54-9A1E7A4F7556}") = "002 Partial_classes_methods", "002 Partial_classes_methods\002 Partial_classes_methods.csproj", "{FAFF0B7E-593A-4D07-8CD0-944B7BBC7AD2}"
EndProject
Project("{9A19103F-16F7-4668-BE54-9A1E7A4F7556}") = "003 Anonymous_types", "003 Anonymous_types\003 Anonymous_types.csproj", "{DE1555FC-545D-4686-A295-D8F299A646E8}"
EndProject
Project("{9A19103F-16F7-4668-BE54-9A1E7A4F7556}") = "004 Local_Functions", "004 Local_Functions\004 Local_Functions.csproj", "{5422FC0F-533E-4AEE-9B3E-FDEB821B4F37}"
EndProject
Project("{9A19103F-16F7-4668-BE54-9A1E7A4F7556}") = "005 PatternMatching", "005 PatternMatching\005 PatternMatching.csproj", "{103811A8-232C-4768-80C0-84AD8F477EAF}"
EndProject
Project("{9A19103F-16F7-4668-BE54-9A1E7A4F7556}") = "006 Deconstructors", "006 Deconstructors\006 Deconstructors.csproj", "{E4D141D1-F8FE-44EC-AA09-3F0D2D7AC297}"
EndProject
Project("{9A19103F-16F7-4668-BE54-9A1E7A4F7556}") = "008 Nullable", "008 Nullable\008 Nullable.csproj", "{E9159252-496D-4A85-91BB-A4A561122D7D}"
EndProject
Project("{2150E333-8FDC-42A3-9474-1A3956D46DE8}") = "CODEBLOG", "CODEBLOG", "{230FA34A-756A-4A57-A111-D5C0463177B4}"
EndProject
Project("{9A19103F-16F7-4668-BE54-9A1E7A4F7556}") = "Atribute_Reflection", "Atribute_Reflection\Atribute_Reflection.csproj", "{FB7ED631-E79E-4810-9611-BEE81F462731}"
EndProject
Project("{9A19103F-16F7-4668-BE54-9A1E7A4F7556}") = "Serialization", "Serialization\Serialization.csproj", "{7956254E-ECEC-4FD6-8178-2552C79CBD76}"
EndProject
Project("{2150E333-8FDC-42A3-9474-1A3956D46DE8}") = "Chapter8", "Chapter8", "{41865562-DA52-4BE4-ADFC-6DB7AC4CDBA8}"
EndProject
Project("{FAE04EC0-301F-11D3-BF4B-00C04F79EFBC}") = "BankAplication", "BankAplication\BankAplication.csproj", "{1C3BBF7D-2FAD-47F8-A014-FFE48CA187D4}"
EndProject
Project("{FAE04EC0-301F-11D3-BF4B-00C04F79EFBC}") = "BankLibrary", "BankLibrary\BankLibrary.csproj", "{8C7D8F96-9876-4680-B808-057F52B95F51}"
EndProject
Global
	GlobalSection(SolutionConfigurationPlatforms) = preSolution
		Debug|Any CPU = Debug|Any CPU
		Release|Any CPU = Release|Any CPU
	EndGlobalSection
	GlobalSection(ProjectConfigurationPlatforms) = postSolution
		{03D220BF-90C7-4163-A246-F349141042FF}.Debug|Any CPU.ActiveCfg = Debug|Any CPU
		{03D220BF-90C7-4163-A246-F349141042FF}.Debug|Any CPU.Build.0 = Debug|Any CPU
		{03D220BF-90C7-4163-A246-F349141042FF}.Release|Any CPU.ActiveCfg = Release|Any CPU
		{03D220BF-90C7-4163-A246-F349141042FF}.Release|Any CPU.Build.0 = Release|Any CPU
		{ABE789D8-519B-451D-9ADE-583DC470A490}.Debug|Any CPU.ActiveCfg = Debug|Any CPU
		{ABE789D8-519B-451D-9ADE-583DC470A490}.Debug|Any CPU.Build.0 = Debug|Any CPU
		{ABE789D8-519B-451D-9ADE-583DC470A490}.Release|Any CPU.ActiveCfg = Release|Any CPU
		{ABE789D8-519B-451D-9ADE-583DC470A490}.Release|Any CPU.Build.0 = Release|Any CPU
		{92B87A1F-E7C6-44A7-955D-795A506CE436}.Debug|Any CPU.ActiveCfg = Debug|Any CPU
		{92B87A1F-E7C6-44A7-955D-795A506CE436}.Debug|Any CPU.Build.0 = Debug|Any CPU
		{92B87A1F-E7C6-44A7-955D-795A506CE436}.Release|Any CPU.ActiveCfg = Release|Any CPU
		{92B87A1F-E7C6-44A7-955D-795A506CE436}.Release|Any CPU.Build.0 = Release|Any CPU
		{56AF945D-557C-4593-A57A-DFE584963F9D}.Debug|Any CPU.ActiveCfg = Debug|Any CPU
		{56AF945D-557C-4593-A57A-DFE584963F9D}.Debug|Any CPU.Build.0 = Debug|Any CPU
		{56AF945D-557C-4593-A57A-DFE584963F9D}.Release|Any CPU.ActiveCfg = Release|Any CPU
		{56AF945D-557C-4593-A57A-DFE584963F9D}.Release|Any CPU.Build.0 = Release|Any CPU
		{07608765-22ED-42D7-BF4F-75CAAD0136B8}.Debug|Any CPU.ActiveCfg = Debug|Any CPU
		{07608765-22ED-42D7-BF4F-75CAAD0136B8}.Debug|Any CPU.Build.0 = Debug|Any CPU
		{07608765-22ED-42D7-BF4F-75CAAD0136B8}.Release|Any CPU.ActiveCfg = Release|Any CPU
		{07608765-22ED-42D7-BF4F-75CAAD0136B8}.Release|Any CPU.Build.0 = Release|Any CPU
		{2703C427-BAF5-4331-8969-DAF08CC16126}.Debug|Any CPU.ActiveCfg = Debug|Any CPU
		{2703C427-BAF5-4331-8969-DAF08CC16126}.Debug|Any CPU.Build.0 = Debug|Any CPU
		{2703C427-BAF5-4331-8969-DAF08CC16126}.Release|Any CPU.ActiveCfg = Release|Any CPU
		{2703C427-BAF5-4331-8969-DAF08CC16126}.Release|Any CPU.Build.0 = Release|Any CPU
		{5C2D7BDA-9AF0-422F-990B-D79652F3CC17}.Debug|Any CPU.ActiveCfg = Debug|Any CPU
		{5C2D7BDA-9AF0-422F-990B-D79652F3CC17}.Debug|Any CPU.Build.0 = Debug|Any CPU
		{5C2D7BDA-9AF0-422F-990B-D79652F3CC17}.Release|Any CPU.ActiveCfg = Release|Any CPU
		{5C2D7BDA-9AF0-422F-990B-D79652F3CC17}.Release|Any CPU.Build.0 = Release|Any CPU
		{7DAFA04A-259F-4B71-9749-9155579C71C1}.Debug|Any CPU.ActiveCfg = Debug|Any CPU
		{7DAFA04A-259F-4B71-9749-9155579C71C1}.Debug|Any CPU.Build.0 = Debug|Any CPU
		{7DAFA04A-259F-4B71-9749-9155579C71C1}.Release|Any CPU.ActiveCfg = Release|Any CPU
		{7DAFA04A-259F-4B71-9749-9155579C71C1}.Release|Any CPU.Build.0 = Release|Any CPU
		{3B2F6762-2C2A-44F1-842C-0BA5ADBC9DCF}.Debug|Any CPU.ActiveCfg = Debug|Any CPU
		{3B2F6762-2C2A-44F1-842C-0BA5ADBC9DCF}.Debug|Any CPU.Build.0 = Debug|Any CPU
		{3B2F6762-2C2A-44F1-842C-0BA5ADBC9DCF}.Release|Any CPU.ActiveCfg = Release|Any CPU
		{3B2F6762-2C2A-44F1-842C-0BA5ADBC9DCF}.Release|Any CPU.Build.0 = Release|Any CPU
		{F90412B4-5949-40BC-B692-09C2FDA45214}.Debug|Any CPU.ActiveCfg = Debug|Any CPU
		{F90412B4-5949-40BC-B692-09C2FDA45214}.Debug|Any CPU.Build.0 = Debug|Any CPU
		{F90412B4-5949-40BC-B692-09C2FDA45214}.Release|Any CPU.ActiveCfg = Release|Any CPU
		{F90412B4-5949-40BC-B692-09C2FDA45214}.Release|Any CPU.Build.0 = Release|Any CPU
		{3C44AA02-1782-40DA-9EFB-714B7A31787A}.Debug|Any CPU.ActiveCfg = Debug|Any CPU
		{3C44AA02-1782-40DA-9EFB-714B7A31787A}.Debug|Any CPU.Build.0 = Debug|Any CPU
		{3C44AA02-1782-40DA-9EFB-714B7A31787A}.Release|Any CPU.ActiveCfg = Release|Any CPU
		{3C44AA02-1782-40DA-9EFB-714B7A31787A}.Release|Any CPU.Build.0 = Release|Any CPU
		{A4F0C5CC-2B41-4104-B4CE-C72B123661FC}.Debug|Any CPU.ActiveCfg = Debug|Any CPU
		{A4F0C5CC-2B41-4104-B4CE-C72B123661FC}.Debug|Any CPU.Build.0 = Debug|Any CPU
		{A4F0C5CC-2B41-4104-B4CE-C72B123661FC}.Release|Any CPU.ActiveCfg = Release|Any CPU
		{A4F0C5CC-2B41-4104-B4CE-C72B123661FC}.Release|Any CPU.Build.0 = Release|Any CPU
		{DADB5FF3-3611-47CB-8E34-A4C2AF00C930}.Debug|Any CPU.ActiveCfg = Debug|Any CPU
		{DADB5FF3-3611-47CB-8E34-A4C2AF00C930}.Debug|Any CPU.Build.0 = Debug|Any CPU
		{DADB5FF3-3611-47CB-8E34-A4C2AF00C930}.Release|Any CPU.ActiveCfg = Release|Any CPU
		{DADB5FF3-3611-47CB-8E34-A4C2AF00C930}.Release|Any CPU.Build.0 = Release|Any CPU
		{8978A32D-62AC-4E96-A197-B9A7360C35BB}.Debug|Any CPU.ActiveCfg = Debug|Any CPU
		{8978A32D-62AC-4E96-A197-B9A7360C35BB}.Debug|Any CPU.Build.0 = Debug|Any CPU
		{8978A32D-62AC-4E96-A197-B9A7360C35BB}.Release|Any CPU.ActiveCfg = Release|Any CPU
		{8978A32D-62AC-4E96-A197-B9A7360C35BB}.Release|Any CPU.Build.0 = Release|Any CPU
		{7A910C3D-2419-483A-A17A-F796C3AE368E}.Debug|Any CPU.ActiveCfg = Debug|Any CPU
		{7A910C3D-2419-483A-A17A-F796C3AE368E}.Debug|Any CPU.Build.0 = Debug|Any CPU
		{7A910C3D-2419-483A-A17A-F796C3AE368E}.Release|Any CPU.ActiveCfg = Release|Any CPU
		{7A910C3D-2419-483A-A17A-F796C3AE368E}.Release|Any CPU.Build.0 = Release|Any CPU
		{DD7C1FD8-B54C-4F17-8E8B-0AEBFD50F72F}.Debug|Any CPU.ActiveCfg = Debug|Any CPU
		{DD7C1FD8-B54C-4F17-8E8B-0AEBFD50F72F}.Debug|Any CPU.Build.0 = Debug|Any CPU
		{DD7C1FD8-B54C-4F17-8E8B-0AEBFD50F72F}.Release|Any CPU.ActiveCfg = Release|Any CPU
		{DD7C1FD8-B54C-4F17-8E8B-0AEBFD50F72F}.Release|Any CPU.Build.0 = Release|Any CPU
		{0C75E91D-E0C9-45FC-BD17-EBBEE3F992B2}.Debug|Any CPU.ActiveCfg = Debug|Any CPU
		{0C75E91D-E0C9-45FC-BD17-EBBEE3F992B2}.Debug|Any CPU.Build.0 = Debug|Any CPU
		{0C75E91D-E0C9-45FC-BD17-EBBEE3F992B2}.Release|Any CPU.ActiveCfg = Release|Any CPU
		{0C75E91D-E0C9-45FC-BD17-EBBEE3F992B2}.Release|Any CPU.Build.0 = Release|Any CPU
		{ED93CA3C-45E6-4F30-9283-0FEA11F364F9}.Debug|Any CPU.ActiveCfg = Debug|Any CPU
		{ED93CA3C-45E6-4F30-9283-0FEA11F364F9}.Debug|Any CPU.Build.0 = Debug|Any CPU
		{ED93CA3C-45E6-4F30-9283-0FEA11F364F9}.Release|Any CPU.ActiveCfg = Release|Any CPU
		{ED93CA3C-45E6-4F30-9283-0FEA11F364F9}.Release|Any CPU.Build.0 = Release|Any CPU
		{CA118FFC-AF8E-4220-BF8E-1F2E3C105898}.Debug|Any CPU.ActiveCfg = Debug|Any CPU
		{CA118FFC-AF8E-4220-BF8E-1F2E3C105898}.Debug|Any CPU.Build.0 = Debug|Any CPU
		{CA118FFC-AF8E-4220-BF8E-1F2E3C105898}.Release|Any CPU.ActiveCfg = Release|Any CPU
		{CA118FFC-AF8E-4220-BF8E-1F2E3C105898}.Release|Any CPU.Build.0 = Release|Any CPU
		{C09F5753-ED39-422A-B171-8403FBCF1ED9}.Debug|Any CPU.ActiveCfg = Debug|Any CPU
		{C09F5753-ED39-422A-B171-8403FBCF1ED9}.Debug|Any CPU.Build.0 = Debug|Any CPU
		{C09F5753-ED39-422A-B171-8403FBCF1ED9}.Release|Any CPU.ActiveCfg = Release|Any CPU
		{C09F5753-ED39-422A-B171-8403FBCF1ED9}.Release|Any CPU.Build.0 = Release|Any CPU
		{D67CCB4F-5C46-45B1-8314-F8F419D7C9BB}.Debug|Any CPU.ActiveCfg = Debug|Any CPU
		{D67CCB4F-5C46-45B1-8314-F8F419D7C9BB}.Debug|Any CPU.Build.0 = Debug|Any CPU
		{D67CCB4F-5C46-45B1-8314-F8F419D7C9BB}.Release|Any CPU.ActiveCfg = Release|Any CPU
		{D67CCB4F-5C46-45B1-8314-F8F419D7C9BB}.Release|Any CPU.Build.0 = Release|Any CPU
		{B84DF35E-C51F-4140-92C6-B918ABEC94AE}.Debug|Any CPU.ActiveCfg = Debug|Any CPU
		{B84DF35E-C51F-4140-92C6-B918ABEC94AE}.Debug|Any CPU.Build.0 = Debug|Any CPU
		{B84DF35E-C51F-4140-92C6-B918ABEC94AE}.Release|Any CPU.ActiveCfg = Release|Any CPU
		{B84DF35E-C51F-4140-92C6-B918ABEC94AE}.Release|Any CPU.Build.0 = Release|Any CPU
		{D31AC502-B846-429A-8916-47E17A43D535}.Debug|Any CPU.ActiveCfg = Debug|Any CPU
		{D31AC502-B846-429A-8916-47E17A43D535}.Debug|Any CPU.Build.0 = Debug|Any CPU
		{D31AC502-B846-429A-8916-47E17A43D535}.Release|Any CPU.ActiveCfg = Release|Any CPU
		{D31AC502-B846-429A-8916-47E17A43D535}.Release|Any CPU.Build.0 = Release|Any CPU
		{AEAA929C-E285-450F-9803-55D4569BE60A}.Debug|Any CPU.ActiveCfg = Debug|Any CPU
		{AEAA929C-E285-450F-9803-55D4569BE60A}.Debug|Any CPU.Build.0 = Debug|Any CPU
		{AEAA929C-E285-450F-9803-55D4569BE60A}.Release|Any CPU.ActiveCfg = Release|Any CPU
		{AEAA929C-E285-450F-9803-55D4569BE60A}.Release|Any CPU.Build.0 = Release|Any CPU
		{DB6170FD-0317-4E8A-8C1E-66D3DCB691B3}.Debug|Any CPU.ActiveCfg = Debug|Any CPU
		{DB6170FD-0317-4E8A-8C1E-66D3DCB691B3}.Debug|Any CPU.Build.0 = Debug|Any CPU
		{DB6170FD-0317-4E8A-8C1E-66D3DCB691B3}.Release|Any CPU.ActiveCfg = Release|Any CPU
		{DB6170FD-0317-4E8A-8C1E-66D3DCB691B3}.Release|Any CPU.Build.0 = Release|Any CPU
		{A48B5675-96D4-46BD-AFA9-4A793D6A2710}.Debug|Any CPU.ActiveCfg = Debug|Any CPU
		{A48B5675-96D4-46BD-AFA9-4A793D6A2710}.Debug|Any CPU.Build.0 = Debug|Any CPU
		{A48B5675-96D4-46BD-AFA9-4A793D6A2710}.Release|Any CPU.ActiveCfg = Release|Any CPU
		{A48B5675-96D4-46BD-AFA9-4A793D6A2710}.Release|Any CPU.Build.0 = Release|Any CPU
		{0A32B14F-F656-4116-B3DB-C66F7E579F9D}.Debug|Any CPU.ActiveCfg = Debug|Any CPU
		{0A32B14F-F656-4116-B3DB-C66F7E579F9D}.Debug|Any CPU.Build.0 = Debug|Any CPU
		{0A32B14F-F656-4116-B3DB-C66F7E579F9D}.Release|Any CPU.ActiveCfg = Release|Any CPU
		{0A32B14F-F656-4116-B3DB-C66F7E579F9D}.Release|Any CPU.Build.0 = Release|Any CPU
		{1904CCAB-ECD5-46C7-B988-69BE1B87CADA}.Debug|Any CPU.ActiveCfg = Debug|Any CPU
		{1904CCAB-ECD5-46C7-B988-69BE1B87CADA}.Debug|Any CPU.Build.0 = Debug|Any CPU
		{1904CCAB-ECD5-46C7-B988-69BE1B87CADA}.Release|Any CPU.ActiveCfg = Release|Any CPU
		{1904CCAB-ECD5-46C7-B988-69BE1B87CADA}.Release|Any CPU.Build.0 = Release|Any CPU
		{ECBFE6B2-60D6-4C63-915F-6A13FAEA7A46}.Debug|Any CPU.ActiveCfg = Debug|Any CPU
		{ECBFE6B2-60D6-4C63-915F-6A13FAEA7A46}.Debug|Any CPU.Build.0 = Debug|Any CPU
		{ECBFE6B2-60D6-4C63-915F-6A13FAEA7A46}.Release|Any CPU.ActiveCfg = Release|Any CPU
		{ECBFE6B2-60D6-4C63-915F-6A13FAEA7A46}.Release|Any CPU.Build.0 = Release|Any CPU
		{9070E526-DF5C-4AAF-A29B-6D949E433FC8}.Debug|Any CPU.ActiveCfg = Debug|Any CPU
		{9070E526-DF5C-4AAF-A29B-6D949E433FC8}.Debug|Any CPU.Build.0 = Debug|Any CPU
		{9070E526-DF5C-4AAF-A29B-6D949E433FC8}.Release|Any CPU.ActiveCfg = Release|Any CPU
		{9070E526-DF5C-4AAF-A29B-6D949E433FC8}.Release|Any CPU.Build.0 = Release|Any CPU
		{B849150C-A71A-4188-A76D-E5EB9519BDE4}.Debug|Any CPU.ActiveCfg = Debug|Any CPU
		{B849150C-A71A-4188-A76D-E5EB9519BDE4}.Debug|Any CPU.Build.0 = Debug|Any CPU
		{B849150C-A71A-4188-A76D-E5EB9519BDE4}.Release|Any CPU.ActiveCfg = Release|Any CPU
		{B849150C-A71A-4188-A76D-E5EB9519BDE4}.Release|Any CPU.Build.0 = Release|Any CPU
		{11392EE2-42A4-4122-B49A-D05C23CA645D}.Debug|Any CPU.ActiveCfg = Debug|Any CPU
		{11392EE2-42A4-4122-B49A-D05C23CA645D}.Debug|Any CPU.Build.0 = Debug|Any CPU
		{11392EE2-42A4-4122-B49A-D05C23CA645D}.Release|Any CPU.ActiveCfg = Release|Any CPU
		{11392EE2-42A4-4122-B49A-D05C23CA645D}.Release|Any CPU.Build.0 = Release|Any CPU
		{E47E9EE7-A5F5-4898-942B-C489C4B5D420}.Debug|Any CPU.ActiveCfg = Debug|Any CPU
		{E47E9EE7-A5F5-4898-942B-C489C4B5D420}.Debug|Any CPU.Build.0 = Debug|Any CPU
		{E47E9EE7-A5F5-4898-942B-C489C4B5D420}.Release|Any CPU.ActiveCfg = Release|Any CPU
		{E47E9EE7-A5F5-4898-942B-C489C4B5D420}.Release|Any CPU.Build.0 = Release|Any CPU
		{13E96807-63C4-4EF4-A2BB-584F27A07F10}.Debug|Any CPU.ActiveCfg = Debug|Any CPU
		{13E96807-63C4-4EF4-A2BB-584F27A07F10}.Debug|Any CPU.Build.0 = Debug|Any CPU
		{13E96807-63C4-4EF4-A2BB-584F27A07F10}.Release|Any CPU.ActiveCfg = Release|Any CPU
		{13E96807-63C4-4EF4-A2BB-584F27A07F10}.Release|Any CPU.Build.0 = Release|Any CPU
		{559E9FF6-9EA0-4A18-9E3B-4157AF7B685B}.Debug|Any CPU.ActiveCfg = Debug|Any CPU
		{559E9FF6-9EA0-4A18-9E3B-4157AF7B685B}.Debug|Any CPU.Build.0 = Debug|Any CPU
		{559E9FF6-9EA0-4A18-9E3B-4157AF7B685B}.Release|Any CPU.ActiveCfg = Release|Any CPU
		{559E9FF6-9EA0-4A18-9E3B-4157AF7B685B}.Release|Any CPU.Build.0 = Release|Any CPU
		{6E96FC4D-F110-4B00-9A32-9A2EA645C6A4}.Debug|Any CPU.ActiveCfg = Debug|Any CPU
		{6E96FC4D-F110-4B00-9A32-9A2EA645C6A4}.Debug|Any CPU.Build.0 = Debug|Any CPU
		{6E96FC4D-F110-4B00-9A32-9A2EA645C6A4}.Release|Any CPU.ActiveCfg = Release|Any CPU
		{6E96FC4D-F110-4B00-9A32-9A2EA645C6A4}.Release|Any CPU.Build.0 = Release|Any CPU
		{E5C1DF12-4F9F-428F-B2B1-6C4C124A083E}.Debug|Any CPU.ActiveCfg = Debug|Any CPU
		{E5C1DF12-4F9F-428F-B2B1-6C4C124A083E}.Debug|Any CPU.Build.0 = Debug|Any CPU
		{E5C1DF12-4F9F-428F-B2B1-6C4C124A083E}.Release|Any CPU.ActiveCfg = Release|Any CPU
		{E5C1DF12-4F9F-428F-B2B1-6C4C124A083E}.Release|Any CPU.Build.0 = Release|Any CPU
		{317977EB-BD77-49BE-986C-CB74305C87C0}.Debug|Any CPU.ActiveCfg = Debug|Any CPU
		{317977EB-BD77-49BE-986C-CB74305C87C0}.Debug|Any CPU.Build.0 = Debug|Any CPU
		{317977EB-BD77-49BE-986C-CB74305C87C0}.Release|Any CPU.ActiveCfg = Release|Any CPU
		{317977EB-BD77-49BE-986C-CB74305C87C0}.Release|Any CPU.Build.0 = Release|Any CPU
		{CBE726BA-7CC9-41BC-A3AF-A0F3ABCD3D80}.Debug|Any CPU.ActiveCfg = Debug|Any CPU
		{CBE726BA-7CC9-41BC-A3AF-A0F3ABCD3D80}.Debug|Any CPU.Build.0 = Debug|Any CPU
		{CBE726BA-7CC9-41BC-A3AF-A0F3ABCD3D80}.Release|Any CPU.ActiveCfg = Release|Any CPU
		{CBE726BA-7CC9-41BC-A3AF-A0F3ABCD3D80}.Release|Any CPU.Build.0 = Release|Any CPU
		{23796B16-E0B0-446D-B93A-C80ECECEEC8C}.Debug|Any CPU.ActiveCfg = Debug|Any CPU
		{23796B16-E0B0-446D-B93A-C80ECECEEC8C}.Debug|Any CPU.Build.0 = Debug|Any CPU
		{23796B16-E0B0-446D-B93A-C80ECECEEC8C}.Release|Any CPU.ActiveCfg = Release|Any CPU
		{23796B16-E0B0-446D-B93A-C80ECECEEC8C}.Release|Any CPU.Build.0 = Release|Any CPU
		{B3BC8D56-0BF9-4183-BAC8-F11989392AEC}.Debug|Any CPU.ActiveCfg = Debug|Any CPU
		{B3BC8D56-0BF9-4183-BAC8-F11989392AEC}.Debug|Any CPU.Build.0 = Debug|Any CPU
		{B3BC8D56-0BF9-4183-BAC8-F11989392AEC}.Release|Any CPU.ActiveCfg = Release|Any CPU
		{B3BC8D56-0BF9-4183-BAC8-F11989392AEC}.Release|Any CPU.Build.0 = Release|Any CPU
		{41075689-1D06-48AB-A0B9-7440B4C2B644}.Debug|Any CPU.ActiveCfg = Debug|Any CPU
		{41075689-1D06-48AB-A0B9-7440B4C2B644}.Debug|Any CPU.Build.0 = Debug|Any CPU
		{41075689-1D06-48AB-A0B9-7440B4C2B644}.Release|Any CPU.ActiveCfg = Release|Any CPU
		{41075689-1D06-48AB-A0B9-7440B4C2B644}.Release|Any CPU.Build.0 = Release|Any CPU
		{BF07594A-7006-4A34-9DBB-138E16F7E59A}.Debug|Any CPU.ActiveCfg = Debug|Any CPU
		{BF07594A-7006-4A34-9DBB-138E16F7E59A}.Debug|Any CPU.Build.0 = Debug|Any CPU
		{BF07594A-7006-4A34-9DBB-138E16F7E59A}.Release|Any CPU.ActiveCfg = Release|Any CPU
		{BF07594A-7006-4A34-9DBB-138E16F7E59A}.Release|Any CPU.Build.0 = Release|Any CPU
		{A7442792-BD93-43B5-AAB8-95F464C2346C}.Debug|Any CPU.ActiveCfg = Debug|Any CPU
		{A7442792-BD93-43B5-AAB8-95F464C2346C}.Debug|Any CPU.Build.0 = Debug|Any CPU
		{A7442792-BD93-43B5-AAB8-95F464C2346C}.Release|Any CPU.ActiveCfg = Release|Any CPU
		{A7442792-BD93-43B5-AAB8-95F464C2346C}.Release|Any CPU.Build.0 = Release|Any CPU
		{5BF30654-F172-4AAC-AD84-560D46627B6A}.Debug|Any CPU.ActiveCfg = Debug|Any CPU
		{5BF30654-F172-4AAC-AD84-560D46627B6A}.Debug|Any CPU.Build.0 = Debug|Any CPU
		{5BF30654-F172-4AAC-AD84-560D46627B6A}.Release|Any CPU.ActiveCfg = Release|Any CPU
		{5BF30654-F172-4AAC-AD84-560D46627B6A}.Release|Any CPU.Build.0 = Release|Any CPU
		{3AA0EC59-2B25-4B0E-99D3-5EB422ABA10E}.Debug|Any CPU.ActiveCfg = Debug|Any CPU
		{3AA0EC59-2B25-4B0E-99D3-5EB422ABA10E}.Debug|Any CPU.Build.0 = Debug|Any CPU
		{3AA0EC59-2B25-4B0E-99D3-5EB422ABA10E}.Release|Any CPU.ActiveCfg = Release|Any CPU
		{3AA0EC59-2B25-4B0E-99D3-5EB422ABA10E}.Release|Any CPU.Build.0 = Release|Any CPU
		{D8E68284-135B-4D95-977A-9BE7D422C5C5}.Debug|Any CPU.ActiveCfg = Debug|Any CPU
		{D8E68284-135B-4D95-977A-9BE7D422C5C5}.Debug|Any CPU.Build.0 = Debug|Any CPU
		{D8E68284-135B-4D95-977A-9BE7D422C5C5}.Release|Any CPU.ActiveCfg = Release|Any CPU
		{D8E68284-135B-4D95-977A-9BE7D422C5C5}.Release|Any CPU.Build.0 = Release|Any CPU
		{F56BA501-0299-4339-A153-F7F79FB48BC0}.Debug|Any CPU.ActiveCfg = Debug|Any CPU
		{F56BA501-0299-4339-A153-F7F79FB48BC0}.Debug|Any CPU.Build.0 = Debug|Any CPU
		{F56BA501-0299-4339-A153-F7F79FB48BC0}.Release|Any CPU.ActiveCfg = Release|Any CPU
		{F56BA501-0299-4339-A153-F7F79FB48BC0}.Release|Any CPU.Build.0 = Release|Any CPU
		{C912B67B-DD2E-410B-B92A-7F20A231AAE8}.Debug|Any CPU.ActiveCfg = Debug|Any CPU
		{C912B67B-DD2E-410B-B92A-7F20A231AAE8}.Debug|Any CPU.Build.0 = Debug|Any CPU
		{C912B67B-DD2E-410B-B92A-7F20A231AAE8}.Release|Any CPU.ActiveCfg = Release|Any CPU
		{C912B67B-DD2E-410B-B92A-7F20A231AAE8}.Release|Any CPU.Build.0 = Release|Any CPU
		{608C11C3-1AB3-4C37-B458-4C49AB37EA83}.Debug|Any CPU.ActiveCfg = Debug|Any CPU
		{608C11C3-1AB3-4C37-B458-4C49AB37EA83}.Debug|Any CPU.Build.0 = Debug|Any CPU
		{608C11C3-1AB3-4C37-B458-4C49AB37EA83}.Release|Any CPU.ActiveCfg = Release|Any CPU
		{608C11C3-1AB3-4C37-B458-4C49AB37EA83}.Release|Any CPU.Build.0 = Release|Any CPU
		{E986E78C-ADFD-4FB5-88B0-72B7A66518AF}.Debug|Any CPU.ActiveCfg = Debug|Any CPU
		{E986E78C-ADFD-4FB5-88B0-72B7A66518AF}.Debug|Any CPU.Build.0 = Debug|Any CPU
		{E986E78C-ADFD-4FB5-88B0-72B7A66518AF}.Release|Any CPU.ActiveCfg = Release|Any CPU
		{E986E78C-ADFD-4FB5-88B0-72B7A66518AF}.Release|Any CPU.Build.0 = Release|Any CPU
		{E821E42D-39BF-4943-B10C-AC006A95212A}.Debug|Any CPU.ActiveCfg = Debug|Any CPU
		{E821E42D-39BF-4943-B10C-AC006A95212A}.Debug|Any CPU.Build.0 = Debug|Any CPU
		{E821E42D-39BF-4943-B10C-AC006A95212A}.Release|Any CPU.ActiveCfg = Release|Any CPU
		{E821E42D-39BF-4943-B10C-AC006A95212A}.Release|Any CPU.Build.0 = Release|Any CPU
		{FAFF0B7E-593A-4D07-8CD0-944B7BBC7AD2}.Debug|Any CPU.ActiveCfg = Debug|Any CPU
		{FAFF0B7E-593A-4D07-8CD0-944B7BBC7AD2}.Debug|Any CPU.Build.0 = Debug|Any CPU
		{FAFF0B7E-593A-4D07-8CD0-944B7BBC7AD2}.Release|Any CPU.ActiveCfg = Release|Any CPU
		{FAFF0B7E-593A-4D07-8CD0-944B7BBC7AD2}.Release|Any CPU.Build.0 = Release|Any CPU
		{DE1555FC-545D-4686-A295-D8F299A646E8}.Debug|Any CPU.ActiveCfg = Debug|Any CPU
		{DE1555FC-545D-4686-A295-D8F299A646E8}.Debug|Any CPU.Build.0 = Debug|Any CPU
		{DE1555FC-545D-4686-A295-D8F299A646E8}.Release|Any CPU.ActiveCfg = Release|Any CPU
		{DE1555FC-545D-4686-A295-D8F299A646E8}.Release|Any CPU.Build.0 = Release|Any CPU
		{5422FC0F-533E-4AEE-9B3E-FDEB821B4F37}.Debug|Any CPU.ActiveCfg = Debug|Any CPU
		{5422FC0F-533E-4AEE-9B3E-FDEB821B4F37}.Debug|Any CPU.Build.0 = Debug|Any CPU
		{5422FC0F-533E-4AEE-9B3E-FDEB821B4F37}.Release|Any CPU.ActiveCfg = Release|Any CPU
		{5422FC0F-533E-4AEE-9B3E-FDEB821B4F37}.Release|Any CPU.Build.0 = Release|Any CPU
		{103811A8-232C-4768-80C0-84AD8F477EAF}.Debug|Any CPU.ActiveCfg = Debug|Any CPU
		{103811A8-232C-4768-80C0-84AD8F477EAF}.Debug|Any CPU.Build.0 = Debug|Any CPU
		{103811A8-232C-4768-80C0-84AD8F477EAF}.Release|Any CPU.ActiveCfg = Release|Any CPU
		{103811A8-232C-4768-80C0-84AD8F477EAF}.Release|Any CPU.Build.0 = Release|Any CPU
		{E4D141D1-F8FE-44EC-AA09-3F0D2D7AC297}.Debug|Any CPU.ActiveCfg = Debug|Any CPU
		{E4D141D1-F8FE-44EC-AA09-3F0D2D7AC297}.Debug|Any CPU.Build.0 = Debug|Any CPU
		{E4D141D1-F8FE-44EC-AA09-3F0D2D7AC297}.Release|Any CPU.ActiveCfg = Release|Any CPU
		{E4D141D1-F8FE-44EC-AA09-3F0D2D7AC297}.Release|Any CPU.Build.0 = Release|Any CPU
		{E9159252-496D-4A85-91BB-A4A561122D7D}.Debug|Any CPU.ActiveCfg = Debug|Any CPU
		{E9159252-496D-4A85-91BB-A4A561122D7D}.Debug|Any CPU.Build.0 = Debug|Any CPU
		{E9159252-496D-4A85-91BB-A4A561122D7D}.Release|Any CPU.ActiveCfg = Release|Any CPU
		{E9159252-496D-4A85-91BB-A4A561122D7D}.Release|Any CPU.Build.0 = Release|Any CPU
		{FB7ED631-E79E-4810-9611-BEE81F462731}.Debug|Any CPU.ActiveCfg = Debug|Any CPU
		{FB7ED631-E79E-4810-9611-BEE81F462731}.Debug|Any CPU.Build.0 = Debug|Any CPU
		{FB7ED631-E79E-4810-9611-BEE81F462731}.Release|Any CPU.ActiveCfg = Release|Any CPU
		{FB7ED631-E79E-4810-9611-BEE81F462731}.Release|Any CPU.Build.0 = Release|Any CPU
		{7956254E-ECEC-4FD6-8178-2552C79CBD76}.Debug|Any CPU.ActiveCfg = Debug|Any CPU
		{7956254E-ECEC-4FD6-8178-2552C79CBD76}.Debug|Any CPU.Build.0 = Debug|Any CPU
		{7956254E-ECEC-4FD6-8178-2552C79CBD76}.Release|Any CPU.ActiveCfg = Release|Any CPU
		{7956254E-ECEC-4FD6-8178-2552C79CBD76}.Release|Any CPU.Build.0 = Release|Any CPU
		{1C3BBF7D-2FAD-47F8-A014-FFE48CA187D4}.Debug|Any CPU.ActiveCfg = Debug|Any CPU
		{1C3BBF7D-2FAD-47F8-A014-FFE48CA187D4}.Debug|Any CPU.Build.0 = Debug|Any CPU
		{1C3BBF7D-2FAD-47F8-A014-FFE48CA187D4}.Release|Any CPU.ActiveCfg = Release|Any CPU
		{1C3BBF7D-2FAD-47F8-A014-FFE48CA187D4}.Release|Any CPU.Build.0 = Release|Any CPU
		{8C7D8F96-9876-4680-B808-057F52B95F51}.Debug|Any CPU.ActiveCfg = Debug|Any CPU
		{8C7D8F96-9876-4680-B808-057F52B95F51}.Debug|Any CPU.Build.0 = Debug|Any CPU
		{8C7D8F96-9876-4680-B808-057F52B95F51}.Release|Any CPU.ActiveCfg = Release|Any CPU
		{8C7D8F96-9876-4680-B808-057F52B95F51}.Release|Any CPU.Build.0 = Release|Any CPU
	EndGlobalSection
	GlobalSection(SolutionProperties) = preSolution
		HideSolutionNode = FALSE
	EndGlobalSection
	GlobalSection(NestedProjects) = preSolution
		{03D220BF-90C7-4163-A246-F349141042FF} = {15A446EB-218A-4CB6-8B10-76BCB7D88536}
		{ABE789D8-519B-451D-9ADE-583DC470A490} = {15A446EB-218A-4CB6-8B10-76BCB7D88536}
		{92B87A1F-E7C6-44A7-955D-795A506CE436} = {15A446EB-218A-4CB6-8B10-76BCB7D88536}
		{56AF945D-557C-4593-A57A-DFE584963F9D} = {15A446EB-218A-4CB6-8B10-76BCB7D88536}
		{07608765-22ED-42D7-BF4F-75CAAD0136B8} = {15A446EB-218A-4CB6-8B10-76BCB7D88536}
		{2703C427-BAF5-4331-8969-DAF08CC16126} = {15A446EB-218A-4CB6-8B10-76BCB7D88536}
		{5C2D7BDA-9AF0-422F-990B-D79652F3CC17} = {15A446EB-218A-4CB6-8B10-76BCB7D88536}
		{7DAFA04A-259F-4B71-9749-9155579C71C1} = {15A446EB-218A-4CB6-8B10-76BCB7D88536}
		{3B2F6762-2C2A-44F1-842C-0BA5ADBC9DCF} = {15A446EB-218A-4CB6-8B10-76BCB7D88536}
		{F90412B4-5949-40BC-B692-09C2FDA45214} = {15A446EB-218A-4CB6-8B10-76BCB7D88536}
		{3C44AA02-1782-40DA-9EFB-714B7A31787A} = {15A446EB-218A-4CB6-8B10-76BCB7D88536}
		{A4F0C5CC-2B41-4104-B4CE-C72B123661FC} = {15A446EB-218A-4CB6-8B10-76BCB7D88536}
		{DADB5FF3-3611-47CB-8E34-A4C2AF00C930} = {15A446EB-218A-4CB6-8B10-76BCB7D88536}
		{8978A32D-62AC-4E96-A197-B9A7360C35BB} = {15A446EB-218A-4CB6-8B10-76BCB7D88536}
		{7A910C3D-2419-483A-A17A-F796C3AE368E} = {15A446EB-218A-4CB6-8B10-76BCB7D88536}
		{DD7C1FD8-B54C-4F17-8E8B-0AEBFD50F72F} = {15A446EB-218A-4CB6-8B10-76BCB7D88536}
		{0C75E91D-E0C9-45FC-BD17-EBBEE3F992B2} = {15A446EB-218A-4CB6-8B10-76BCB7D88536}
		{ED93CA3C-45E6-4F30-9283-0FEA11F364F9} = {AD851C9F-E268-4032-BD96-4DA74F34782E}
		{CA118FFC-AF8E-4220-BF8E-1F2E3C105898} = {AD851C9F-E268-4032-BD96-4DA74F34782E}
		{C09F5753-ED39-422A-B171-8403FBCF1ED9} = {AD851C9F-E268-4032-BD96-4DA74F34782E}
		{D67CCB4F-5C46-45B1-8314-F8F419D7C9BB} = {AD851C9F-E268-4032-BD96-4DA74F34782E}
		{B84DF35E-C51F-4140-92C6-B918ABEC94AE} = {AD851C9F-E268-4032-BD96-4DA74F34782E}
		{D31AC502-B846-429A-8916-47E17A43D535} = {AD851C9F-E268-4032-BD96-4DA74F34782E}
		{AEAA929C-E285-450F-9803-55D4569BE60A} = {AD851C9F-E268-4032-BD96-4DA74F34782E}
		{DB6170FD-0317-4E8A-8C1E-66D3DCB691B3} = {AD851C9F-E268-4032-BD96-4DA74F34782E}
		{A48B5675-96D4-46BD-AFA9-4A793D6A2710} = {AD851C9F-E268-4032-BD96-4DA74F34782E}
		{0A32B14F-F656-4116-B3DB-C66F7E579F9D} = {AD851C9F-E268-4032-BD96-4DA74F34782E}
		{1904CCAB-ECD5-46C7-B988-69BE1B87CADA} = {AD851C9F-E268-4032-BD96-4DA74F34782E}
		{ECBFE6B2-60D6-4C63-915F-6A13FAEA7A46} = {AD851C9F-E268-4032-BD96-4DA74F34782E}
		{9070E526-DF5C-4AAF-A29B-6D949E433FC8} = {AD851C9F-E268-4032-BD96-4DA74F34782E}
		{B849150C-A71A-4188-A76D-E5EB9519BDE4} = {AD851C9F-E268-4032-BD96-4DA74F34782E}
		{11392EE2-42A4-4122-B49A-D05C23CA645D} = {AD851C9F-E268-4032-BD96-4DA74F34782E}
		{E47E9EE7-A5F5-4898-942B-C489C4B5D420} = {AD851C9F-E268-4032-BD96-4DA74F34782E}
		{13E96807-63C4-4EF4-A2BB-584F27A07F10} = {AD851C9F-E268-4032-BD96-4DA74F34782E}
		{559E9FF6-9EA0-4A18-9E3B-4157AF7B685B} = {AD851C9F-E268-4032-BD96-4DA74F34782E}
		{6E96FC4D-F110-4B00-9A32-9A2EA645C6A4} = {AD851C9F-E268-4032-BD96-4DA74F34782E}
		{E5C1DF12-4F9F-428F-B2B1-6C4C124A083E} = {AD851C9F-E268-4032-BD96-4DA74F34782E}
		{317977EB-BD77-49BE-986C-CB74305C87C0} = {AD851C9F-E268-4032-BD96-4DA74F34782E}
		{CBE726BA-7CC9-41BC-A3AF-A0F3ABCD3D80} = {AD851C9F-E268-4032-BD96-4DA74F34782E}
		{23796B16-E0B0-446D-B93A-C80ECECEEC8C} = {D113829A-D29E-4113-B35E-349BACEED710}
		{B3BC8D56-0BF9-4183-BAC8-F11989392AEC} = {D113829A-D29E-4113-B35E-349BACEED710}
		{41075689-1D06-48AB-A0B9-7440B4C2B644} = {D113829A-D29E-4113-B35E-349BACEED710}
		{BF07594A-7006-4A34-9DBB-138E16F7E59A} = {D113829A-D29E-4113-B35E-349BACEED710}
		{A7442792-BD93-43B5-AAB8-95F464C2346C} = {D113829A-D29E-4113-B35E-349BACEED710}
		{5BF30654-F172-4AAC-AD84-560D46627B6A} = {D113829A-D29E-4113-B35E-349BACEED710}
		{3AA0EC59-2B25-4B0E-99D3-5EB422ABA10E} = {28481643-2C2B-485B-9D2E-4A577C0252FB}
		{D8E68284-135B-4D95-977A-9BE7D422C5C5} = {28481643-2C2B-485B-9D2E-4A577C0252FB}
		{F56BA501-0299-4339-A153-F7F79FB48BC0} = {28481643-2C2B-485B-9D2E-4A577C0252FB}
		{C912B67B-DD2E-410B-B92A-7F20A231AAE8} = {28481643-2C2B-485B-9D2E-4A577C0252FB}
		{608C11C3-1AB3-4C37-B458-4C49AB37EA83} = {28481643-2C2B-485B-9D2E-4A577C0252FB}
		{E986E78C-ADFD-4FB5-88B0-72B7A66518AF} = {28481643-2C2B-485B-9D2E-4A577C0252FB}
		{E821E42D-39BF-4943-B10C-AC006A95212A} = {8BEFD69F-60AE-46B5-9E1E-1E4514796289}
		{FAFF0B7E-593A-4D07-8CD0-944B7BBC7AD2} = {8BEFD69F-60AE-46B5-9E1E-1E4514796289}
		{DE1555FC-545D-4686-A295-D8F299A646E8} = {8BEFD69F-60AE-46B5-9E1E-1E4514796289}
		{5422FC0F-533E-4AEE-9B3E-FDEB821B4F37} = {8BEFD69F-60AE-46B5-9E1E-1E4514796289}
		{103811A8-232C-4768-80C0-84AD8F477EAF} = {8BEFD69F-60AE-46B5-9E1E-1E4514796289}
		{E4D141D1-F8FE-44EC-AA09-3F0D2D7AC297} = {8BEFD69F-60AE-46B5-9E1E-1E4514796289}
		{E9159252-496D-4A85-91BB-A4A561122D7D} = {8BEFD69F-60AE-46B5-9E1E-1E4514796289}
		{FB7ED631-E79E-4810-9611-BEE81F462731} = {230FA34A-756A-4A57-A111-D5C0463177B4}
		{7956254E-ECEC-4FD6-8178-2552C79CBD76} = {230FA34A-756A-4A57-A111-D5C0463177B4}
		{1C3BBF7D-2FAD-47F8-A014-FFE48CA187D4} = {41865562-DA52-4BE4-ADFC-6DB7AC4CDBA8}
		{8C7D8F96-9876-4680-B808-057F52B95F51} = {41865562-DA52-4BE4-ADFC-6DB7AC4CDBA8}
	EndGlobalSection
	GlobalSection(ExtensibilityGlobals) = postSolution
		SolutionGuid = {AF79AEBE-8F0C-4DF4-B321-DA62642A01E8}
	EndGlobalSection
EndGlobal
